
Microsoft Visual Studio Solution File, Format Version 12.00
# Visual Studio Version 16
VisualStudioVersion = 16.0.31112.23
MinimumVisualStudioVersion = 10.0.40219.1
Project("{9A19103F-16F7-4668-BE54-9A1E7A4F7556}") = "TetrioStats.Data", "TetrioStats.Data\TetrioStats.Data.csproj", "{8B8E3050-6D65-4FA8-A7B0-3488AE4F7A31}"
EndProject
Project("{9A19103F-16F7-4668-BE54-9A1E7A4F7556}") = "TetrioStats.Api", "TetrioStats.Api\TetrioStats.Api.csproj", "{7E3802A3-3641-4CC0-BE20-2376D55F91BD}"
EndProject
Project("{9A19103F-16F7-4668-BE54-9A1E7A4F7556}") = "TetrioStats.Terminal", "TetrioStats.Terminal\TetrioStats.Terminal.csproj", "{9C248602-E448-4369-9816-94ACAB0D74BF}"
EndProject
Project("{9A19103F-16F7-4668-BE54-9A1E7A4F7556}") = "TetrioStats.Core", "TetrioStats.Core\TetrioStats.Core.csproj", "{EB8391DB-3E4A-497A-B143-E0907FE08C82}"
EndProject
Project("{9A19103F-16F7-4668-BE54-9A1E7A4F7556}") = "TetrioStats.Replays", "TetrioStats.Replays\TetrioStats.Replays.csproj", "{19F9BF85-74F3-4968-960A-281A5E1C871E}"
EndProject
Project("{FAE04EC0-301F-11D3-BF4B-00C04F79EFBC}") = "TetrioStats.Services", "TetrioStats.Services\TetrioStats.Services.csproj", "{D6B41326-DBFE-40CA-93D8-23FEE6538FE8}"
EndProject
Global
	GlobalSection(SolutionConfigurationPlatforms) = preSolution
		Debug|Any CPU = Debug|Any CPU
		Release|Any CPU = Release|Any CPU
	EndGlobalSection
	GlobalSection(ProjectConfigurationPlatforms) = postSolution
		{8B8E3050-6D65-4FA8-A7B0-3488AE4F7A31}.Debug|Any CPU.ActiveCfg = Debug|Any CPU
		{8B8E3050-6D65-4FA8-A7B0-3488AE4F7A31}.Debug|Any CPU.Build.0 = Debug|Any CPU
		{8B8E3050-6D65-4FA8-A7B0-3488AE4F7A31}.Release|Any CPU.ActiveCfg = Release|Any CPU
		{8B8E3050-6D65-4FA8-A7B0-3488AE4F7A31}.Release|Any CPU.Build.0 = Release|Any CPU
		{7E3802A3-3641-4CC0-BE20-2376D55F91BD}.Debug|Any CPU.ActiveCfg = Debug|Any CPU
		{7E3802A3-3641-4CC0-BE20-2376D55F91BD}.Debug|Any CPU.Build.0 = Debug|Any CPU
		{7E3802A3-3641-4CC0-BE20-2376D55F91BD}.Release|Any CPU.ActiveCfg = Release|Any CPU
		{7E3802A3-3641-4CC0-BE20-2376D55F91BD}.Release|Any CPU.Build.0 = Release|Any CPU
		{9C248602-E448-4369-9816-94ACAB0D74BF}.Debug|Any CPU.ActiveCfg = Debug|Any CPU
		{9C248602-E448-4369-9816-94ACAB0D74BF}.Debug|Any CPU.Build.0 = Debug|Any CPU
		{9C248602-E448-4369-9816-94ACAB0D74BF}.Release|Any CPU.ActiveCfg = Release|Any CPU
		{9C248602-E448-4369-9816-94ACAB0D74BF}.Release|Any CPU.Build.0 = Release|Any CPU
		{EB8391DB-3E4A-497A-B143-E0907FE08C82}.Debug|Any CPU.ActiveCfg = Debug|Any CPU
		{EB8391DB-3E4A-497A-B143-E0907FE08C82}.Debug|Any CPU.Build.0 = Debug|Any CPU
		{EB8391DB-3E4A-497A-B143-E0907FE08C82}.Release|Any CPU.ActiveCfg = Release|Any CPU
		{EB8391DB-3E4A-497A-B143-E0907FE08C82}.Release|Any CPU.Build.0 = Release|Any CPU
		{19F9BF85-74F3-4968-960A-281A5E1C871E}.Debug|Any CPU.ActiveCfg = Debug|Any CPU
		{19F9BF85-74F3-4968-960A-281A5E1C871E}.Debug|Any CPU.Build.0 = Debug|Any CPU
		{19F9BF85-74F3-4968-960A-281A5E1C871E}.Release|Any CPU.ActiveCfg = Release|Any CPU
		{19F9BF85-74F3-4968-960A-281A5E1C871E}.Release|Any CPU.Build.0 = Release|Any CPU
		{D6B41326-DBFE-40CA-93D8-23FEE6538FE8}.Debug|Any CPU.ActiveCfg = Debug|Any CPU
		{D6B41326-DBFE-40CA-93D8-23FEE6538FE8}.Debug|Any CPU.Build.0 = Debug|Any CPU
		{D6B41326-DBFE-40CA-93D8-23FEE6538FE8}.Release|Any CPU.ActiveCfg = Release|Any CPU
		{D6B41326-DBFE-40CA-93D8-23FEE6538FE8}.Release|Any CPU.Build.0 = Release|Any CPU
	EndGlobalSection
	GlobalSection(SolutionProperties) = preSolution
		HideSolutionNode = FALSE
	EndGlobalSection
	GlobalSection(ExtensibilityGlobals) = postSolution
		SolutionGuid = {C0B13F70-B454-41A5-B0C4-6AFEA0ABB487}
	EndGlobalSection
EndGlobal
